// !$*UTF8*$!
{
	archiveVersion = 1;
	classes = {
	};
	objectVersion = 55;
	objects = {

/* Begin PBXBuildFile section */
		184272C1287D690B004E1C9E /* HomeViewController.swift in Sources */ = {isa = PBXBuildFile; fileRef = 184272C0287D690B004E1C9E /* HomeViewController.swift */; };
		184272C3287D691E004E1C9E /* SearchViewController.swift in Sources */ = {isa = PBXBuildFile; fileRef = 184272C2287D691E004E1C9E /* SearchViewController.swift */; };
		184272C5287D692B004E1C9E /* ReviewViewController.swift in Sources */ = {isa = PBXBuildFile; fileRef = 184272C4287D692B004E1C9E /* ReviewViewController.swift */; };
		184272C7287D6935004E1C9E /* MyProfileViewController.swift in Sources */ = {isa = PBXBuildFile; fileRef = 184272C6287D6935004E1C9E /* MyProfileViewController.swift */; };
		184272C9287D7A30004E1C9E /* TopTabView.swift in Sources */ = {isa = PBXBuildFile; fileRef = 184272C8287D7A30004E1C9E /* TopTabView.swift */; };
		18A2F727287EABB000CA9947 /* HomeTableViewCell.swift in Sources */ = {isa = PBXBuildFile; fileRef = 18A2F726287EABB000CA9947 /* HomeTableViewCell.swift */; };
		18A2F729287EABEA00CA9947 /* MoviewListCollectionViewCell.swift in Sources */ = {isa = PBXBuildFile; fileRef = 18A2F728287EABEA00CA9947 /* MoviewListCollectionViewCell.swift */; };
		18A2F72D287EC86F00CA9947 /* APIKEY.swift in Sources */ = {isa = PBXBuildFile; fileRef = 18A2F72C287EC86F00CA9947 /* APIKEY.swift */; };
		18A2F730287EC8F400CA9947 /* Movie.swift in Sources */ = {isa = PBXBuildFile; fileRef = 18A2F72F287EC8F400CA9947 /* Movie.swift */; };
		18A2F732287ECBEA00CA9947 /* APIHandler.swift in Sources */ = {isa = PBXBuildFile; fileRef = 18A2F731287ECBEA00CA9947 /* APIHandler.swift */; };
		18A82FBE2881006C00791B03 /* FilterHeaderView.swift in Sources */ = {isa = PBXBuildFile; fileRef = 18A82FBD2881006C00791B03 /* FilterHeaderView.swift */; };
		18A82FC2288146F100791B03 /* FilterViewController.swift in Sources */ = {isa = PBXBuildFile; fileRef = 18A82FC1288146F100791B03 /* FilterViewController.swift */; };
		18AC2993287FA6990043B812 /* HomeViewModel.swift in Sources */ = {isa = PBXBuildFile; fileRef = 18AC2992287FA6990043B812 /* HomeViewModel.swift */; };
		18AC2995287FB35C0043B812 /* ImageLoader.swift in Sources */ = {isa = PBXBuildFile; fileRef = 18AC2994287FB35C0043B812 /* ImageLoader.swift */; };
		18AC2997287FEC710043B812 /* CellMoveStackView.swift in Sources */ = {isa = PBXBuildFile; fileRef = 18AC2996287FEC710043B812 /* CellMoveStackView.swift */; };
		18C018C92886801300E6AE2C /* MovieGenres.swift in Sources */ = {isa = PBXBuildFile; fileRef = 18C018C82886801300E6AE2C /* MovieGenres.swift */; };
		18C018CB288682D400E6AE2C /* ReviewFilterViewModel.swift in Sources */ = {isa = PBXBuildFile; fileRef = 18C018CA288682D400E6AE2C /* ReviewFilterViewModel.swift */; };
		18C018CD2886A7A500E6AE2C /* FilterTableViewHeader.swift in Sources */ = {isa = PBXBuildFile; fileRef = 18C018CC2886A7A500E6AE2C /* FilterTableViewHeader.swift */; };
		18C584A12889817800C58278 /* SearchingTableViewController.swift in Sources */ = {isa = PBXBuildFile; fileRef = 18C584A02889817800C58278 /* SearchingTableViewController.swift */; };
		18E17961287805790060BCD9 /* AppDelegate.swift in Sources */ = {isa = PBXBuildFile; fileRef = 18E17960287805790060BCD9 /* AppDelegate.swift */; };
		18E17963287805790060BCD9 /* SceneDelegate.swift in Sources */ = {isa = PBXBuildFile; fileRef = 18E17962287805790060BCD9 /* SceneDelegate.swift */; };
		18E17965287805790060BCD9 /* TabBarController.swift in Sources */ = {isa = PBXBuildFile; fileRef = 18E17964287805790060BCD9 /* TabBarController.swift */; };
		18E1796A2878057B0060BCD9 /* Assets.xcassets in Resources */ = {isa = PBXBuildFile; fileRef = 18E179692878057B0060BCD9 /* Assets.xcassets */; };
		18E1796D2878057B0060BCD9 /* LaunchScreen.storyboard in Resources */ = {isa = PBXBuildFile; fileRef = 18E1796B2878057B0060BCD9 /* LaunchScreen.storyboard */; };
/* End PBXBuildFile section */

/* Begin PBXFileReference section */
		184272C0287D690B004E1C9E /* HomeViewController.swift */ = {isa = PBXFileReference; lastKnownFileType = sourcecode.swift; path = HomeViewController.swift; sourceTree = "<group>"; };
		184272C2287D691E004E1C9E /* SearchViewController.swift */ = {isa = PBXFileReference; lastKnownFileType = sourcecode.swift; path = SearchViewController.swift; sourceTree = "<group>"; };
		184272C4287D692B004E1C9E /* ReviewViewController.swift */ = {isa = PBXFileReference; lastKnownFileType = sourcecode.swift; path = ReviewViewController.swift; sourceTree = "<group>"; };
		184272C6287D6935004E1C9E /* MyProfileViewController.swift */ = {isa = PBXFileReference; lastKnownFileType = sourcecode.swift; path = MyProfileViewController.swift; sourceTree = "<group>"; };
		184272C8287D7A30004E1C9E /* TopTabView.swift */ = {isa = PBXFileReference; lastKnownFileType = sourcecode.swift; path = TopTabView.swift; sourceTree = "<group>"; };
		18A2F726287EABB000CA9947 /* HomeTableViewCell.swift */ = {isa = PBXFileReference; lastKnownFileType = sourcecode.swift; path = HomeTableViewCell.swift; sourceTree = "<group>"; };
		18A2F728287EABEA00CA9947 /* MoviewListCollectionViewCell.swift */ = {isa = PBXFileReference; lastKnownFileType = sourcecode.swift; path = MoviewListCollectionViewCell.swift; sourceTree = "<group>"; };
		18A2F72C287EC86F00CA9947 /* APIKEY.swift */ = {isa = PBXFileReference; lastKnownFileType = sourcecode.swift; path = APIKEY.swift; sourceTree = "<group>"; };
		18A2F72F287EC8F400CA9947 /* Movie.swift */ = {isa = PBXFileReference; lastKnownFileType = sourcecode.swift; path = Movie.swift; sourceTree = "<group>"; };
		18A2F731287ECBEA00CA9947 /* APIHandler.swift */ = {isa = PBXFileReference; lastKnownFileType = sourcecode.swift; path = APIHandler.swift; sourceTree = "<group>"; };
		18A82FBD2881006C00791B03 /* FilterHeaderView.swift */ = {isa = PBXFileReference; lastKnownFileType = sourcecode.swift; path = FilterHeaderView.swift; sourceTree = "<group>"; };
		18A82FC1288146F100791B03 /* FilterViewController.swift */ = {isa = PBXFileReference; lastKnownFileType = sourcecode.swift; path = FilterViewController.swift; sourceTree = "<group>"; };
		18AC2992287FA6990043B812 /* HomeViewModel.swift */ = {isa = PBXFileReference; lastKnownFileType = sourcecode.swift; path = HomeViewModel.swift; sourceTree = "<group>"; };
		18AC2994287FB35C0043B812 /* ImageLoader.swift */ = {isa = PBXFileReference; lastKnownFileType = sourcecode.swift; path = ImageLoader.swift; sourceTree = "<group>"; };
		18AC2996287FEC710043B812 /* CellMoveStackView.swift */ = {isa = PBXFileReference; lastKnownFileType = sourcecode.swift; path = CellMoveStackView.swift; sourceTree = "<group>"; };
		18C018C82886801300E6AE2C /* MovieGenres.swift */ = {isa = PBXFileReference; lastKnownFileType = sourcecode.swift; path = MovieGenres.swift; sourceTree = "<group>"; };
		18C018CA288682D400E6AE2C /* ReviewFilterViewModel.swift */ = {isa = PBXFileReference; lastKnownFileType = sourcecode.swift; path = ReviewFilterViewModel.swift; sourceTree = "<group>"; };
		18C018CC2886A7A500E6AE2C /* FilterTableViewHeader.swift */ = {isa = PBXFileReference; lastKnownFileType = sourcecode.swift; path = FilterTableViewHeader.swift; sourceTree = "<group>"; };
		18C584A02889817800C58278 /* SearchingTableViewController.swift */ = {isa = PBXFileReference; lastKnownFileType = sourcecode.swift; path = SearchingTableViewController.swift; sourceTree = "<group>"; };
		18E1795D287805790060BCD9 /* MovieReviewApp.app */ = {isa = PBXFileReference; explicitFileType = wrapper.application; includeInIndex = 0; path = MovieReviewApp.app; sourceTree = BUILT_PRODUCTS_DIR; };
		18E17960287805790060BCD9 /* AppDelegate.swift */ = {isa = PBXFileReference; lastKnownFileType = sourcecode.swift; path = AppDelegate.swift; sourceTree = "<group>"; };
		18E17962287805790060BCD9 /* SceneDelegate.swift */ = {isa = PBXFileReference; lastKnownFileType = sourcecode.swift; path = SceneDelegate.swift; sourceTree = "<group>"; };
		18E17964287805790060BCD9 /* TabBarController.swift */ = {isa = PBXFileReference; lastKnownFileType = sourcecode.swift; path = TabBarController.swift; sourceTree = "<group>"; };
		18E179692878057B0060BCD9 /* Assets.xcassets */ = {isa = PBXFileReference; lastKnownFileType = folder.assetcatalog; path = Assets.xcassets; sourceTree = "<group>"; };
		18E1796C2878057B0060BCD9 /* Base */ = {isa = PBXFileReference; lastKnownFileType = file.storyboard; name = Base; path = Base.lproj/LaunchScreen.storyboard; sourceTree = "<group>"; };
		18E1796E2878057B0060BCD9 /* Info.plist */ = {isa = PBXFileReference; lastKnownFileType = text.plist.xml; path = Info.plist; sourceTree = "<group>"; };
/* End PBXFileReference section */

/* Begin PBXFrameworksBuildPhase section */
		18E1795A287805790060BCD9 /* Frameworks */ = {
			isa = PBXFrameworksBuildPhase;
			buildActionMask = 2147483647;
			files = (
			);
			runOnlyForDeploymentPostprocessing = 0;
		};
/* End PBXFrameworksBuildPhase section */

/* Begin PBXGroup section */
		184272BF287D68E5004E1C9E /* ViewController */ = {
			isa = PBXGroup;
			children = (
				18E17964287805790060BCD9 /* TabBarController.swift */,
				184272C0287D690B004E1C9E /* HomeViewController.swift */,
				184272C2287D691E004E1C9E /* SearchViewController.swift */,
				18C584A02889817800C58278 /* SearchingTableViewController.swift */,
				184272C4287D692B004E1C9E /* ReviewViewController.swift */,
				184272C6287D6935004E1C9E /* MyProfileViewController.swift */,
				18A2F726287EABB000CA9947 /* HomeTableViewCell.swift */,
				18A2F728287EABEA00CA9947 /* MoviewListCollectionViewCell.swift */,
			);
			name = ViewController;
			sourceTree = "<group>";
		};
		18A2F725287EAAD400CA9947 /* View */ = {
			isa = PBXGroup;
			children = (
				184272C8287D7A30004E1C9E /* TopTabView.swift */,
				18AC2996287FEC710043B812 /* CellMoveStackView.swift */,
				18A82FBD2881006C00791B03 /* FilterHeaderView.swift */,
				18C018CC2886A7A500E6AE2C /* FilterTableViewHeader.swift */,
				18A82FC1288146F100791B03 /* FilterViewController.swift */,
			);
			path = View;
			sourceTree = "<group>";
		};
		18A2F72E287EC89A00CA9947 /* Model */ = {
			isa = PBXGroup;
			children = (
				18A2F72F287EC8F400CA9947 /* Movie.swift */,
				18AC2992287FA6990043B812 /* HomeViewModel.swift */,
				18C018CA288682D400E6AE2C /* ReviewFilterViewModel.swift */,
			);
			name = Model;
			sourceTree = "<group>";
		};
		18E17954287805790060BCD9 = {
			isa = PBXGroup;
			children = (
				18E1795F287805790060BCD9 /* MovieReviewApp */,
				18E1795E287805790060BCD9 /* Products */,
			);
			sourceTree = "<group>";
		};
		18E1795E287805790060BCD9 /* Products */ = {
			isa = PBXGroup;
			children = (
				18E1795D287805790060BCD9 /* MovieReviewApp.app */,
			);
			name = Products;
			sourceTree = "<group>";
		};
		18E1795F287805790060BCD9 /* MovieReviewApp */ = {
			isa = PBXGroup;
			children = (
				18A2F725287EAAD400CA9947 /* View */,
				184272BF287D68E5004E1C9E /* ViewController */,
				18E17960287805790060BCD9 /* AppDelegate.swift */,
				18C018C82886801300E6AE2C /* MovieGenres.swift */,
				18A2F731287ECBEA00CA9947 /* APIHandler.swift */,
				18A2F72E287EC89A00CA9947 /* Model */,
				18E17962287805790060BCD9 /* SceneDelegate.swift */,
				18AC2994287FB35C0043B812 /* ImageLoader.swift */,
				18A2F72C287EC86F00CA9947 /* APIKEY.swift */,
				18E179692878057B0060BCD9 /* Assets.xcassets */,
				18E1796B2878057B0060BCD9 /* LaunchScreen.storyboard */,
				18E1796E2878057B0060BCD9 /* Info.plist */,
			);
			path = MovieReviewApp;
			sourceTree = "<group>";
		};
/* End PBXGroup section */

/* Begin PBXNativeTarget section */
		18E1795C287805790060BCD9 /* MovieReviewApp */ = {
			isa = PBXNativeTarget;
			buildConfigurationList = 18E179712878057B0060BCD9 /* Build configuration list for PBXNativeTarget "MovieReviewApp" */;
			buildPhases = (
				18E17959287805790060BCD9 /* Sources */,
				18E1795A287805790060BCD9 /* Frameworks */,
				18E1795B287805790060BCD9 /* Resources */,
			);
			buildRules = (
			);
			dependencies = (
			);
			name = MovieReviewApp;
			productName = MovieReviewApp;
			productReference = 18E1795D287805790060BCD9 /* MovieReviewApp.app */;
			productType = "com.apple.product-type.application";
		};
/* End PBXNativeTarget section */

/* Begin PBXProject section */
		18E17955287805790060BCD9 /* Project object */ = {
			isa = PBXProject;
			attributes = {
				BuildIndependentTargetsInParallel = 1;
				LastSwiftUpdateCheck = 1330;
				LastUpgradeCheck = 1330;
				TargetAttributes = {
					18E1795C287805790060BCD9 = {
						CreatedOnToolsVersion = 13.3;
					};
				};
			};
			buildConfigurationList = 18E17958287805790060BCD9 /* Build configuration list for PBXProject "MovieReviewApp" */;
			compatibilityVersion = "Xcode 13.0";
			developmentRegion = en;
			hasScannedForEncodings = 0;
			knownRegions = (
				en,
				Base,
			);
			mainGroup = 18E17954287805790060BCD9;
			productRefGroup = 18E1795E287805790060BCD9 /* Products */;
			projectDirPath = "";
			projectRoot = "";
			targets = (
				18E1795C287805790060BCD9 /* MovieReviewApp */,
			);
		};
/* End PBXProject section */

/* Begin PBXResourcesBuildPhase section */
		18E1795B287805790060BCD9 /* Resources */ = {
			isa = PBXResourcesBuildPhase;
			buildActionMask = 2147483647;
			files = (
				18E1796D2878057B0060BCD9 /* LaunchScreen.storyboard in Resources */,
				18E1796A2878057B0060BCD9 /* Assets.xcassets in Resources */,
			);
			runOnlyForDeploymentPostprocessing = 0;
		};
/* End PBXResourcesBuildPhase section */

/* Begin PBXSourcesBuildPhase section */
		18E17959287805790060BCD9 /* Sources */ = {
			isa = PBXSourcesBuildPhase;
			buildActionMask = 2147483647;
			files = (
				18A2F732287ECBEA00CA9947 /* APIHandler.swift in Sources */,
				184272C9287D7A30004E1C9E /* TopTabView.swift in Sources */,
				18AC2995287FB35C0043B812 /* ImageLoader.swift in Sources */,
				18A2F729287EABEA00CA9947 /* MoviewListCollectionViewCell.swift in Sources */,
				18C584A12889817800C58278 /* SearchingTableViewController.swift in Sources */,
				184272C3287D691E004E1C9E /* SearchViewController.swift in Sources */,
				18E17965287805790060BCD9 /* TabBarController.swift in Sources */,
				184272C7287D6935004E1C9E /* MyProfileViewController.swift in Sources */,
				184272C5287D692B004E1C9E /* ReviewViewController.swift in Sources */,
				18C018C92886801300E6AE2C /* MovieGenres.swift in Sources */,
				18E17961287805790060BCD9 /* AppDelegate.swift in Sources */,
				18A2F730287EC8F400CA9947 /* Movie.swift in Sources */,
				18AC2993287FA6990043B812 /* HomeViewModel.swift in Sources */,
				18A2F727287EABB000CA9947 /* HomeTableViewCell.swift in Sources */,
				18A82FC2288146F100791B03 /* FilterViewController.swift in Sources */,
				18C018CD2886A7A500E6AE2C /* FilterTableViewHeader.swift in Sources */,
				18C018CB288682D400E6AE2C /* ReviewFilterViewModel.swift in Sources */,
				18A82FBE2881006C00791B03 /* FilterHeaderView.swift in Sources */,
				18E17963287805790060BCD9 /* SceneDelegate.swift in Sources */,
				18A2F72D287EC86F00CA9947 /* APIKEY.swift in Sources */,
				184272C1287D690B004E1C9E /* HomeViewController.swift in Sources */,
				18AC2997287FEC710043B812 /* CellMoveStackView.swift in Sources */,
			);
			runOnlyForDeploymentPostprocessing = 0;
		};
/* End PBXSourcesBuildPhase section */

/* Begin PBXVariantGroup section */
		18E1796B2878057B0060BCD9 /* LaunchScreen.storyboard */ = {
			isa = PBXVariantGroup;
			children = (
				18E1796C2878057B0060BCD9 /* Base */,
			);
			name = LaunchScreen.storyboard;
			sourceTree = "<group>";
		};
/* End PBXVariantGroup section */

/* Begin XCBuildConfiguration section */
		18E1796F2878057B0060BCD9 /* Debug */ = {
			isa = XCBuildConfiguration;
			buildSettings = {
				ALWAYS_SEARCH_USER_PATHS = NO;
				CLANG_ANALYZER_NONNULL = YES;
				CLANG_ANALYZER_NUMBER_OBJECT_CONVERSION = YES_AGGRESSIVE;
				CLANG_CXX_LANGUAGE_STANDARD = "gnu++17";
				CLANG_ENABLE_MODULES = YES;
				CLANG_ENABLE_OBJC_ARC = YES;
				CLANG_ENABLE_OBJC_WEAK = YES;
				CLANG_WARN_BLOCK_CAPTURE_AUTORELEASING = YES;
				CLANG_WARN_BOOL_CONVERSION = YES;
				CLANG_WARN_COMMA = YES;
				CLANG_WARN_CONSTANT_CONVERSION = YES;
				CLANG_WARN_DEPRECATED_OBJC_IMPLEMENTATIONS = YES;
				CLANG_WARN_DIRECT_OBJC_ISA_USAGE = YES_ERROR;
				CLANG_WARN_DOCUMENTATION_COMMENTS = YES;
				CLANG_WARN_EMPTY_BODY = YES;
				CLANG_WARN_ENUM_CONVERSION = YES;
				CLANG_WARN_INFINITE_RECURSION = YES;
				CLANG_WARN_INT_CONVERSION = YES;
				CLANG_WARN_NON_LITERAL_NULL_CONVERSION = YES;
				CLANG_WARN_OBJC_IMPLICIT_RETAIN_SELF = YES;
				CLANG_WARN_OBJC_LITERAL_CONVERSION = YES;
				CLANG_WARN_OBJC_ROOT_CLASS = YES_ERROR;
				CLANG_WARN_QUOTED_INCLUDE_IN_FRAMEWORK_HEADER = YES;
				CLANG_WARN_RANGE_LOOP_ANALYSIS = YES;
				CLANG_WARN_STRICT_PROTOTYPES = YES;
				CLANG_WARN_SUSPICIOUS_MOVE = YES;
				CLANG_WARN_UNGUARDED_AVAILABILITY = YES_AGGRESSIVE;
				CLANG_WARN_UNREACHABLE_CODE = YES;
				CLANG_WARN__DUPLICATE_METHOD_MATCH = YES;
				COPY_PHASE_STRIP = NO;
				DEBUG_INFORMATION_FORMAT = dwarf;
				ENABLE_STRICT_OBJC_MSGSEND = YES;
				ENABLE_TESTABILITY = YES;
				GCC_C_LANGUAGE_STANDARD = gnu11;
				GCC_DYNAMIC_NO_PIC = NO;
				GCC_NO_COMMON_BLOCKS = YES;
				GCC_OPTIMIZATION_LEVEL = 0;
				GCC_PREPROCESSOR_DEFINITIONS = (
					"DEBUG=1",
					"$(inherited)",
				);
				GCC_WARN_64_TO_32_BIT_CONVERSION = YES;
				GCC_WARN_ABOUT_RETURN_TYPE = YES_ERROR;
				GCC_WARN_UNDECLARED_SELECTOR = YES;
				GCC_WARN_UNINITIALIZED_AUTOS = YES_AGGRESSIVE;
				GCC_WARN_UNUSED_FUNCTION = YES;
				GCC_WARN_UNUSED_VARIABLE = YES;
				IPHONEOS_DEPLOYMENT_TARGET = 15.4;
				MTL_ENABLE_DEBUG_INFO = INCLUDE_SOURCE;
				MTL_FAST_MATH = YES;
				ONLY_ACTIVE_ARCH = YES;
				SDKROOT = iphoneos;
				SWIFT_ACTIVE_COMPILATION_CONDITIONS = DEBUG;
				SWIFT_OPTIMIZATION_LEVEL = "-Onone";
			};
			name = Debug;
		};
		18E179702878057B0060BCD9 /* Release */ = {
			isa = XCBuildConfiguration;
			buildSettings = {
				ALWAYS_SEARCH_USER_PATHS = NO;
				CLANG_ANALYZER_NONNULL = YES;
				CLANG_ANALYZER_NUMBER_OBJECT_CONVERSION = YES_AGGRESSIVE;
				CLANG_CXX_LANGUAGE_STANDARD = "gnu++17";
				CLANG_ENABLE_MODULES = YES;
				CLANG_ENABLE_OBJC_ARC = YES;
				CLANG_ENABLE_OBJC_WEAK = YES;
				CLANG_WARN_BLOCK_CAPTURE_AUTORELEASING = YES;
				CLANG_WARN_BOOL_CONVERSION = YES;
				CLANG_WARN_COMMA = YES;
				CLANG_WARN_CONSTANT_CONVERSION = YES;
				CLANG_WARN_DEPRECATED_OBJC_IMPLEMENTATIONS = YES;
				CLANG_WARN_DIRECT_OBJC_ISA_USAGE = YES_ERROR;
				CLANG_WARN_DOCUMENTATION_COMMENTS = YES;
				CLANG_WARN_EMPTY_BODY = YES;
				CLANG_WARN_ENUM_CONVERSION = YES;
				CLANG_WARN_INFINITE_RECURSION = YES;
				CLANG_WARN_INT_CONVERSION = YES;
				CLANG_WARN_NON_LITERAL_NULL_CONVERSION = YES;
				CLANG_WARN_OBJC_IMPLICIT_RETAIN_SELF = YES;
				CLANG_WARN_OBJC_LITERAL_CONVERSION = YES;
				CLANG_WARN_OBJC_ROOT_CLASS = YES_ERROR;
				CLANG_WARN_QUOTED_INCLUDE_IN_FRAMEWORK_HEADER = YES;
				CLANG_WARN_RANGE_LOOP_ANALYSIS = YES;
				CLANG_WARN_STRICT_PROTOTYPES = YES;
				CLANG_WARN_SUSPICIOUS_MOVE = YES;
				CLANG_WARN_UNGUARDED_AVAILABILITY = YES_AGGRESSIVE;
				CLANG_WARN_UNREACHABLE_CODE = YES;
				CLANG_WARN__DUPLICATE_METHOD_MATCH = YES;
				COPY_PHASE_STRIP = NO;
				DEBUG_INFORMATION_FORMAT = "dwarf-with-dsym";
				ENABLE_NS_ASSERTIONS = NO;
				ENABLE_STRICT_OBJC_MSGSEND = YES;
				GCC_C_LANGUAGE_STANDARD = gnu11;
				GCC_NO_COMMON_BLOCKS = YES;
				GCC_WARN_64_TO_32_BIT_CONVERSION = YES;
				GCC_WARN_ABOUT_RETURN_TYPE = YES_ERROR;
				GCC_WARN_UNDECLARED_SELECTOR = YES;
				GCC_WARN_UNINITIALIZED_AUTOS = YES_AGGRESSIVE;
				GCC_WARN_UNUSED_FUNCTION = YES;
				GCC_WARN_UNUSED_VARIABLE = YES;
				IPHONEOS_DEPLOYMENT_TARGET = 15.4;
				MTL_ENABLE_DEBUG_INFO = NO;
				MTL_FAST_MATH = YES;
				SDKROOT = iphoneos;
				SWIFT_COMPILATION_MODE = wholemodule;
				SWIFT_OPTIMIZATION_LEVEL = "-O";
				VALIDATE_PRODUCT = YES;
			};
			name = Release;
		};
		18E179722878057B0060BCD9 /* Debug */ = {
			isa = XCBuildConfiguration;
			buildSettings = {
				ASSETCATALOG_COMPILER_APPICON_NAME = AppIcon;
				ASSETCATALOG_COMPILER_GLOBAL_ACCENT_COLOR_NAME = AccentColor;
				CODE_SIGN_STYLE = Automatic;
				CURRENT_PROJECT_VERSION = 1;
				DEVELOPMENT_TEAM = 2FY7M8J988;
				GENERATE_INFOPLIST_FILE = YES;
				INFOPLIST_FILE = MovieReviewApp/Info.plist;
				INFOPLIST_KEY_UIApplicationSupportsIndirectInputEvents = YES;
				INFOPLIST_KEY_UILaunchStoryboardName = LaunchScreen;
				INFOPLIST_KEY_UISupportedInterfaceOrientations_iPad = "UIInterfaceOrientationPortrait UIInterfaceOrientationPortraitUpsideDown UIInterfaceOrientationLandscapeLeft UIInterfaceOrientationLandscapeRight";
				INFOPLIST_KEY_UISupportedInterfaceOrientations_iPhone = "UIInterfaceOrientationPortrait UIInterfaceOrientationLandscapeLeft UIInterfaceOrientationLandscapeRight";
				LD_RUNPATH_SEARCH_PATHS = (
					"$(inherited)",
					"@executable_path/Frameworks",
				);
				MARKETING_VERSION = 1.0;
				PRODUCT_BUNDLE_IDENTIFIER = kr.kimdohyun.MovieReviewApp;
				PRODUCT_NAME = "$(TARGET_NAME)";
				SWIFT_EMIT_LOC_STRINGS = YES;
				SWIFT_VERSION = 5.0;
				TARGETED_DEVICE_FAMILY = "1,2";
			};
			name = Debug;
		};
		18E179732878057B0060BCD9 /* Release */ = {
			isa = XCBuildConfiguration;
			buildSettings = {
				ASSETCATALOG_COMPILER_APPICON_NAME = AppIcon;
				ASSETCATALOG_COMPILER_GLOBAL_ACCENT_COLOR_NAME = AccentColor;
				CODE_SIGN_STYLE = Automatic;
				CURRENT_PROJECT_VERSION = 1;
				DEVELOPMENT_TEAM = 2FY7M8J988;
				GENERATE_INFOPLIST_FILE = YES;
				INFOPLIST_FILE = MovieReviewApp/Info.plist;
				INFOPLIST_KEY_UIApplicationSupportsIndirectInputEvents = YES;
				INFOPLIST_KEY_UILaunchStoryboardName = LaunchScreen;
				INFOPLIST_KEY_UISupportedInterfaceOrientations_iPad = "UIInterfaceOrientationPortrait UIInterfaceOrientationPortraitUpsideDown UIInterfaceOrientationLandscapeLeft UIInterfaceOrientationLandscapeRight";
				INFOPLIST_KEY_UISupportedInterfaceOrientations_iPhone = "UIInterfaceOrientationPortrait UIInterfaceOrientationLandscapeLeft UIInterfaceOrientationLandscapeRight";
				LD_RUNPATH_SEARCH_PATHS = (
					"$(inherited)",
					"@executable_path/Frameworks",
				);
				MARKETING_VERSION = 1.0;
				PRODUCT_BUNDLE_IDENTIFIER = kr.kimdohyun.MovieReviewApp;
				PRODUCT_NAME = "$(TARGET_NAME)";
				SWIFT_EMIT_LOC_STRINGS = YES;
				SWIFT_VERSION = 5.0;
				TARGETED_DEVICE_FAMILY = "1,2";
			};
			name = Release;
		};
/* End XCBuildConfiguration section */

/* Begin XCConfigurationList section */
		18E17958287805790060BCD9 /* Build configuration list for PBXProject "MovieReviewApp" */ = {
			isa = XCConfigurationList;
			buildConfigurations = (
				18E1796F2878057B0060BCD9 /* Debug */,
				18E179702878057B0060BCD9 /* Release */,
			);
			defaultConfigurationIsVisible = 0;
			defaultConfigurationName = Release;
		};
		18E179712878057B0060BCD9 /* Build configuration list for PBXNativeTarget "MovieReviewApp" */ = {
			isa = XCConfigurationList;
			buildConfigurations = (
				18E179722878057B0060BCD9 /* Debug */,
				18E179732878057B0060BCD9 /* Release */,
			);
			defaultConfigurationIsVisible = 0;
			defaultConfigurationName = Release;
		};
/* End XCConfigurationList section */
	};
	rootObject = 18E17955287805790060BCD9 /* Project object */;
}
